Microsoft Visual Studio Solution File, Format Version 11.00
# Visual Studio 2008

Project("{42A7C9DF-EDC1-747A-2DAD-8A74CB4867CD}") = "Antwerpen Snake", "Assembly-CSharp-vs.csproj", "{2D02C049-5578-8A8C-A8ED-DC0A87BAF4D6}"
EndProject
Global
	GlobalSection(SolutionConfigurationPlatforms) = preSolution
		Debug|Any CPU = Debug|Any CPU
		Release|Any CPU = Release|Any CPU
	EndGlobalSection
	GlobalSection(ProjectConfigurationPlatforms) = postSolution
		{2D02C049-5578-8A8C-A8ED-DC0A87BAF4D6}.Debug|Any CPU.ActiveCfg = Debug|Any CPU
		{2D02C049-5578-8A8C-A8ED-DC0A87BAF4D6}.Debug|Any CPU.Build.0 = Debug|Any CPU
		{2D02C049-5578-8A8C-A8ED-DC0A87BAF4D6}.Release|Any CPU.ActiveCfg = Release|Any CPU
		{2D02C049-5578-8A8C-A8ED-DC0A87BAF4D6}.Release|Any CPU.Build.0 = Release|Any CPU
	EndGlobalSection
	GlobalSection(SolutionProperties) = preSolution
		HideSolutionNode = FALSE
	EndGlobalSection
	
EndGlobal
